
Microsoft Visual Studio Solution File, Format Version 12.00
# Visual Studio Version 17
VisualStudioVersion = 17.0.32112.339
MinimumVisualStudioVersion = 10.0.40219.1
Project("{8BC9CEB8-8B4A-11D0-8D11-00A0C91BC942}") = "Project77", "Project77\Project77.vcxproj", "{9106413F-C40C-4616-AC35-3F5E10995DD9}"
EndProject
Global
	GlobalSection(SolutionConfigurationPlatforms) = preSolution
		Debug|x64 = Debug|x64
		Debug|x86 = Debug|x86
		Release|x64 = Release|x64
		Release|x86 = Release|x86
	EndGlobalSection
	GlobalSection(ProjectConfigurationPlatforms) = postSolution
		{9106413F-C40C-4616-AC35-3F5E10995DD9}.Debug|x64.ActiveCfg = Debug|x64
		{9106413F-C40C-4616-AC35-3F5E10995DD9}.Debug|x64.Build.0 = Debug|x64
		{9106413F-C40C-4616-AC35-3F5E10995DD9}.Debug|x86.ActiveCfg = Debug|Win32
		{9106413F-C40C-4616-AC35-3F5E10995DD9}.Debug|x86.Build.0 = Debug|Win32
		{9106413F-C40C-4616-AC35-3F5E10995DD9}.Release|x64.ActiveCfg = Release|x64
		{9106413F-C40C-4616-AC35-3F5E10995DD9}.Release|x64.Build.0 = Release|x64
		{9106413F-C40C-4616-AC35-3F5E10995DD9}.Release|x86.ActiveCfg = Release|Win32
		{9106413F-C40C-4616-AC35-3F5E10995DD9}.Release|x86.Build.0 = Release|Win32
	EndGlobalSection
	GlobalSection(SolutionProperties) = preSolution
		HideSolutionNode = FALSE
	EndGlobalSection
	GlobalSection(ExtensibilityGlobals) = postSolution
		SolutionGuid = {E2F2B64C-EC80-4B11-AD04-7C26981EC52B}
	EndGlobalSection
EndGlobal
